
Microsoft Visual Studio Solution File, Format Version 12.00
# Visual Studio for Mac
Project("{FAE04EC0-301F-11D3-BF4B-00C04F79EFBC}") = "Assembly-CSharp", "Assembly-CSharp.csproj", "{F80EA4ED-B9E4-D3CE-460D-A91B7CCEA18A}"
EndProject
Global
	GlobalSection(SolutionConfigurationPlatforms) = preSolution
		Debug|Any CPU = Debug|Any CPU
		Release|Any CPU = Release|Any CPU
	EndGlobalSection
	GlobalSection(ProjectConfigurationPlatforms) = postSolution
		{F80EA4ED-B9E4-D3CE-460D-A91B7CCEA18A}.Debug|Any CPU.ActiveCfg = Debug|Any CPU
		{F80EA4ED-B9E4-D3CE-460D-A91B7CCEA18A}.Debug|Any CPU.Build.0 = Debug|Any CPU
		{F80EA4ED-B9E4-D3CE-460D-A91B7CCEA18A}.Release|Any CPU.ActiveCfg = Release|Any CPU
		{F80EA4ED-B9E4-D3CE-460D-A91B7CCEA18A}.Release|Any CPU.Build.0 = Release|Any CPU
	EndGlobalSection
	GlobalSection(SolutionProperties) = preSolution
		HideSolutionNode = FALSE
	EndGlobalSection
EndGlobal
